// !$*UTF8*$!
{
	archiveVersion = 1;
	classes = {
	};
	objectVersion = 55;
	objects = {

/* Begin PBXBuildFile section */
		0917647B280B150B006FDFDC /* player-death.mp3 in Resources */ = {isa = PBXBuildFile; fileRef = 09176474280B150B006FDFDC /* player-death.mp3 */; };
		0917647C280B150B006FDFDC /* invincible.mp3 in Resources */ = {isa = PBXBuildFile; fileRef = 09176475280B150B006FDFDC /* invincible.mp3 */; };
		0917647D280B150B006FDFDC /* eatting.mp3 in Resources */ = {isa = PBXBuildFile; fileRef = 09176476280B150B006FDFDC /* eatting.mp3 */; };
		0917647E280B150B006FDFDC /* shooting.mp3 in Resources */ = {isa = PBXBuildFile; fileRef = 09176477280B150B006FDFDC /* shooting.mp3 */; };
		0917647F280B150B006FDFDC /* get-coin.mp3 in Resources */ = {isa = PBXBuildFile; fileRef = 09176478280B150B006FDFDC /* get-coin.mp3 */; };
		09176480280B150B006FDFDC /* player-hit.mp3 in Resources */ = {isa = PBXBuildFile; fileRef = 09176479280B150B006FDFDC /* player-hit.mp3 */; };
		09176481280B150B006FDFDC /* enemy-death.mp3 in Resources */ = {isa = PBXBuildFile; fileRef = 0917647A280B150B006FDFDC /* enemy-death.mp3 */; };
		09176483280B319B006FDFDC /* GameOverScene.swift in Sources */ = {isa = PBXBuildFile; fileRef = 09176482280B319B006FDFDC /* GameOverScene.swift */; };
		09C0E4B027F8F0240027C242 /* AppDelegate.swift in Sources */ = {isa = PBXBuildFile; fileRef = 09C0E4AF27F8F0240027C242 /* AppDelegate.swift */; };
		09C0E4B627F8F0240027C242 /* GameScene.swift in Sources */ = {isa = PBXBuildFile; fileRef = 09C0E4B527F8F0240027C242 /* GameScene.swift */; };
		09C0E4B827F8F0240027C242 /* GameViewController.swift in Sources */ = {isa = PBXBuildFile; fileRef = 09C0E4B727F8F0240027C242 /* GameViewController.swift */; };
		09C0E4BB27F8F0240027C242 /* Main.storyboard in Resources */ = {isa = PBXBuildFile; fileRef = 09C0E4B927F8F0240027C242 /* Main.storyboard */; };
		09C0E4BD27F8F0260027C242 /* Assets.xcassets in Resources */ = {isa = PBXBuildFile; fileRef = 09C0E4BC27F8F0260027C242 /* Assets.xcassets */; };
		09C0E4C027F8F0260027C242 /* LaunchScreen.storyboard in Resources */ = {isa = PBXBuildFile; fileRef = 09C0E4BE27F8F0260027C242 /* LaunchScreen.storyboard */; };
/* End PBXBuildFile section */

/* Begin PBXFileReference section */
		09176474280B150B006FDFDC /* player-death.mp3 */ = {isa = PBXFileReference; lastKnownFileType = audio.mp3; path = "player-death.mp3"; sourceTree = "<group>"; };
		09176475280B150B006FDFDC /* invincible.mp3 */ = {isa = PBXFileReference; lastKnownFileType = audio.mp3; path = invincible.mp3; sourceTree = "<group>"; };
		09176476280B150B006FDFDC /* eatting.mp3 */ = {isa = PBXFileReference; lastKnownFileType = audio.mp3; path = eatting.mp3; sourceTree = "<group>"; };
		09176477280B150B006FDFDC /* shooting.mp3 */ = {isa = PBXFileReference; lastKnownFileType = audio.mp3; path = shooting.mp3; sourceTree = "<group>"; };
		09176478280B150B006FDFDC /* get-coin.mp3 */ = {isa = PBXFileReference; lastKnownFileType = audio.mp3; path = "get-coin.mp3"; sourceTree = "<group>"; };
		09176479280B150B006FDFDC /* player-hit.mp3 */ = {isa = PBXFileReference; lastKnownFileType = audio.mp3; path = "player-hit.mp3"; sourceTree = "<group>"; };
		0917647A280B150B006FDFDC /* enemy-death.mp3 */ = {isa = PBXFileReference; lastKnownFileType = audio.mp3; path = "enemy-death.mp3"; sourceTree = "<group>"; };
		09176482280B319B006FDFDC /* GameOverScene.swift */ = {isa = PBXFileReference; lastKnownFileType = sourcecode.swift; path = GameOverScene.swift; sourceTree = "<group>"; };
		09C0E4AC27F8F0240027C242 /* Mazeman.app */ = {isa = PBXFileReference; explicitFileType = wrapper.application; includeInIndex = 0; path = Mazeman.app; sourceTree = BUILT_PRODUCTS_DIR; };
		09C0E4AF27F8F0240027C242 /* AppDelegate.swift */ = {isa = PBXFileReference; lastKnownFileType = sourcecode.swift; path = AppDelegate.swift; sourceTree = "<group>"; };
		09C0E4B527F8F0240027C242 /* GameScene.swift */ = {isa = PBXFileReference; lastKnownFileType = sourcecode.swift; path = GameScene.swift; sourceTree = "<group>"; };
		09C0E4B727F8F0240027C242 /* GameViewController.swift */ = {isa = PBXFileReference; lastKnownFileType = sourcecode.swift; path = GameViewController.swift; sourceTree = "<group>"; };
		09C0E4BA27F8F0240027C242 /* Base */ = {isa = PBXFileReference; lastKnownFileType = file.storyboard; name = Base; path = Base.lproj/Main.storyboard; sourceTree = "<group>"; };
		09C0E4BC27F8F0260027C242 /* Assets.xcassets */ = {isa = PBXFileReference; lastKnownFileType = folder.assetcatalog; path = Assets.xcassets; sourceTree = "<group>"; };
		09C0E4BF27F8F0260027C242 /* Base */ = {isa = PBXFileReference; lastKnownFileType = file.storyboard; name = Base; path = Base.lproj/LaunchScreen.storyboard; sourceTree = "<group>"; };
/* End PBXFileReference section */

/* Begin PBXFrameworksBuildPhase section */
		09C0E4A927F8F0240027C242 /* Frameworks */ = {
			isa = PBXFrameworksBuildPhase;
			buildActionMask = 2147483647;
			files = (
			);
			runOnlyForDeploymentPostprocessing = 0;
		};
/* End PBXFrameworksBuildPhase section */

/* Begin PBXGroup section */
		09C0E4A327F8F0240027C242 = {
			isa = PBXGroup;
			children = (
				09C0E4AE27F8F0240027C242 /* Mazeman */,
				09C0E4AD27F8F0240027C242 /* Products */,
			);
			sourceTree = "<group>";
		};
		09C0E4AD27F8F0240027C242 /* Products */ = {
			isa = PBXGroup;
			children = (
				09C0E4AC27F8F0240027C242 /* Mazeman.app */,
			);
			name = Products;
			sourceTree = "<group>";
		};
		09C0E4AE27F8F0240027C242 /* Mazeman */ = {
			isa = PBXGroup;
			children = (
				09C0E4AF27F8F0240027C242 /* AppDelegate.swift */,
				09C0E4B527F8F0240027C242 /* GameScene.swift */,
				09176482280B319B006FDFDC /* GameOverScene.swift */,
				09C0E4B727F8F0240027C242 /* GameViewController.swift */,
				09C0E4B927F8F0240027C242 /* Main.storyboard */,
				09C0E4BC27F8F0260027C242 /* Assets.xcassets */,
				09C0E4BE27F8F0260027C242 /* LaunchScreen.storyboard */,
				09176476280B150B006FDFDC /* eatting.mp3 */,
				0917647A280B150B006FDFDC /* enemy-death.mp3 */,
				09176478280B150B006FDFDC /* get-coin.mp3 */,
				09176475280B150B006FDFDC /* invincible.mp3 */,
				09176474280B150B006FDFDC /* player-death.mp3 */,
				09176479280B150B006FDFDC /* player-hit.mp3 */,
				09176477280B150B006FDFDC /* shooting.mp3 */,
			);
			path = Mazeman;
			sourceTree = "<group>";
		};
/* End PBXGroup section */

/* Begin PBXNativeTarget section */
		09C0E4AB27F8F0240027C242 /* Mazeman */ = {
			isa = PBXNativeTarget;
			buildConfigurationList = 09C0E4C327F8F0260027C242 /* Build configuration list for PBXNativeTarget "Mazeman" */;
			buildPhases = (
				09C0E4A827F8F0240027C242 /* Sources */,
				09C0E4A927F8F0240027C242 /* Frameworks */,
				09C0E4AA27F8F0240027C242 /* Resources */,
			);
			buildRules = (
			);
			dependencies = (
			);
			name = Mazeman;
			productName = Mazeman;
			productReference = 09C0E4AC27F8F0240027C242 /* Mazeman.app */;
			productType = "com.apple.product-type.application";
		};
/* End PBXNativeTarget section */

/* Begin PBXProject section */
		09C0E4A427F8F0240027C242 /* Project object */ = {
			isa = PBXProject;
			attributes = {
				BuildIndependentTargetsInParallel = 1;
				LastSwiftUpdateCheck = 1320;
				LastUpgradeCheck = 1320;
				TargetAttributes = {
					09C0E4AB27F8F0240027C242 = {
						CreatedOnToolsVersion = 13.2.1;
					};
				};
			};
			buildConfigurationList = 09C0E4A727F8F0240027C242 /* Build configuration list for PBXProject "Mazeman" */;
			compatibilityVersion = "Xcode 13.0";
			developmentRegion = en;
			hasScannedForEncodings = 0;
			knownRegions = (
				en,
				Base,
			);
			mainGroup = 09C0E4A327F8F0240027C242;
			productRefGroup = 09C0E4AD27F8F0240027C242 /* Products */;
			projectDirPath = "";
			projectRoot = "";
			targets = (
				09C0E4AB27F8F0240027C242 /* Mazeman */,
			);
		};
/* End PBXProject section */

/* Begin PBXResourcesBuildPhase section */
		09C0E4AA27F8F0240027C242 /* Resources */ = {
			isa = PBXResourcesBuildPhase;
			buildActionMask = 2147483647;
			files = (
				0917647B280B150B006FDFDC /* player-death.mp3 in Resources */,
				09C0E4BB27F8F0240027C242 /* Main.storyboard in Resources */,
				0917647D280B150B006FDFDC /* eatting.mp3 in Resources */,
				09C0E4BD27F8F0260027C242 /* Assets.xcassets in Resources */,
				09176481280B150B006FDFDC /* enemy-death.mp3 in Resources */,
				09176480280B150B006FDFDC /* player-hit.mp3 in Resources */,
				0917647E280B150B006FDFDC /* shooting.mp3 in Resources */,
				0917647F280B150B006FDFDC /* get-coin.mp3 in Resources */,
				09C0E4C027F8F0260027C242 /* LaunchScreen.storyboard in Resources */,
				0917647C280B150B006FDFDC /* invincible.mp3 in Resources */,
			);
			runOnlyForDeploymentPostprocessing = 0;
		};
/* End PBXResourcesBuildPhase section */

/* Begin PBXSourcesBuildPhase section */
		09C0E4A827F8F0240027C242 /* Sources */ = {
			isa = PBXSourcesBuildPhase;
			buildActionMask = 2147483647;
			files = (
				09C0E4B627F8F0240027C242 /* GameScene.swift in Sources */,
				09C0E4B827F8F0240027C242 /* GameViewController.swift in Sources */,
				09176483280B319B006FDFDC /* GameOverScene.swift in Sources */,
				09C0E4B027F8F0240027C242 /* AppDelegate.swift in Sources */,
			);
			runOnlyForDeploymentPostprocessing = 0;
		};
/* End PBXSourcesBuildPhase section */

/* Begin PBXVariantGroup section */
		09C0E4B927F8F0240027C242 /* Main.storyboard */ = {
			isa = PBXVariantGroup;
			children = (
				09C0E4BA27F8F0240027C242 /* Base */,
			);
			name = Main.storyboard;
			sourceTree = "<group>";
		};
		09C0E4BE27F8F0260027C242 /* LaunchScreen.storyboard */ = {
			isa = PBXVariantGroup;
			children = (
				09C0E4BF27F8F0260027C242 /* Base */,
			);
			name = LaunchScreen.storyboard;
			sourceTree = "<group>";
		};
/* End PBXVariantGroup section */

/* Begin XCBuildConfiguration section */
		09C0E4C127F8F0260027C242 /* Debug */ = {
			isa = XCBuildConfiguration;
			buildSettings = {
				ALWAYS_SEARCH_USER_PATHS = NO;
				CLANG_ANALYZER_NONNULL = YES;
				CLANG_ANALYZER_NUMBER_OBJECT_CONVERSION = YES_AGGRESSIVE;
				CLANG_CXX_LANGUAGE_STANDARD = "gnu++17";
				CLANG_CXX_LIBRARY = "libc++";
				CLANG_ENABLE_MODULES = YES;
				CLANG_ENABLE_OBJC_ARC = YES;
				CLANG_ENABLE_OBJC_WEAK = YES;
				CLANG_WARN_BLOCK_CAPTURE_AUTORELEASING = YES;
				CLANG_WARN_BOOL_CONVERSION = YES;
				CLANG_WARN_COMMA = YES;
				CLANG_WARN_CONSTANT_CONVERSION = YES;
				CLANG_WARN_DEPRECATED_OBJC_IMPLEMENTATIONS = YES;
				CLANG_WARN_DIRECT_OBJC_ISA_USAGE = YES_ERROR;
				CLANG_WARN_DOCUMENTATION_COMMENTS = YES;
				CLANG_WARN_EMPTY_BODY = YES;
				CLANG_WARN_ENUM_CONVERSION = YES;
				CLANG_WARN_INFINITE_RECURSION = YES;
				CLANG_WARN_INT_CONVERSION = YES;
				CLANG_WARN_NON_LITERAL_NULL_CONVERSION = YES;
				CLANG_WARN_OBJC_IMPLICIT_RETAIN_SELF = YES;
				CLANG_WARN_OBJC_LITERAL_CONVERSION = YES;
				CLANG_WARN_OBJC_ROOT_CLASS = YES_ERROR;
				CLANG_WARN_QUOTED_INCLUDE_IN_FRAMEWORK_HEADER = YES;
				CLANG_WARN_RANGE_LOOP_ANALYSIS = YES;
				CLANG_WARN_STRICT_PROTOTYPES = YES;
				CLANG_WARN_SUSPICIOUS_MOVE = YES;
				CLANG_WARN_UNGUARDED_AVAILABILITY = YES_AGGRESSIVE;
				CLANG_WARN_UNREACHABLE_CODE = YES;
				CLANG_WARN__DUPLICATE_METHOD_MATCH = YES;
				COPY_PHASE_STRIP = NO;
				DEBUG_INFORMATION_FORMAT = dwarf;
				ENABLE_STRICT_OBJC_MSGSEND = YES;
				ENABLE_TESTABILITY = YES;
				GCC_C_LANGUAGE_STANDARD = gnu11;
				GCC_DYNAMIC_NO_PIC = NO;
				GCC_NO_COMMON_BLOCKS = YES;
				GCC_OPTIMIZATION_LEVEL = 0;
				GCC_PREPROCESSOR_DEFINITIONS = (
					"DEBUG=1",
					"$(inherited)",
				);
				GCC_WARN_64_TO_32_BIT_CONVERSION = YES;
				GCC_WARN_ABOUT_RETURN_TYPE = YES_ERROR;
				GCC_WARN_UNDECLARED_SELECTOR = YES;
				GCC_WARN_UNINITIALIZED_AUTOS = YES_AGGRESSIVE;
				GCC_WARN_UNUSED_FUNCTION = YES;
				GCC_WARN_UNUSED_VARIABLE = YES;
				IPHONEOS_DEPLOYMENT_TARGET = 15.2;
				MTL_ENABLE_DEBUG_INFO = INCLUDE_SOURCE;
				MTL_FAST_MATH = YES;
				ONLY_ACTIVE_ARCH = YES;
				SDKROOT = iphoneos;
				SWIFT_ACTIVE_COMPILATION_CONDITIONS = DEBUG;
				SWIFT_OPTIMIZATION_LEVEL = "-Onone";
			};
			name = Debug;
		};
		09C0E4C227F8F0260027C242 /* Release */ = {
			isa = XCBuildConfiguration;
			buildSettings = {
				ALWAYS_SEARCH_USER_PATHS = NO;
				CLANG_ANALYZER_NONNULL = YES;
				CLANG_ANALYZER_NUMBER_OBJECT_CONVERSION = YES_AGGRESSIVE;
				CLANG_CXX_LANGUAGE_STANDARD = "gnu++17";
				CLANG_CXX_LIBRARY = "libc++";
				CLANG_ENABLE_MODULES = YES;
				CLANG_ENABLE_OBJC_ARC = YES;
				CLANG_ENABLE_OBJC_WEAK = YES;
				CLANG_WARN_BLOCK_CAPTURE_AUTORELEASING = YES;
				CLANG_WARN_BOOL_CONVERSION = YES;
				CLANG_WARN_COMMA = YES;
				CLANG_WARN_CONSTANT_CONVERSION = YES;
				CLANG_WARN_DEPRECATED_OBJC_IMPLEMENTATIONS = YES;
				CLANG_WARN_DIRECT_OBJC_ISA_USAGE = YES_ERROR;
				CLANG_WARN_DOCUMENTATION_COMMENTS = YES;
				CLANG_WARN_EMPTY_BODY = YES;
				CLANG_WARN_ENUM_CONVERSION = YES;
				CLANG_WARN_INFINITE_RECURSION = YES;
				CLANG_WARN_INT_CONVERSION = YES;
				CLANG_WARN_NON_LITERAL_NULL_CONVERSION = YES;
				CLANG_WARN_OBJC_IMPLICIT_RETAIN_SELF = YES;
				CLANG_WARN_OBJC_LITERAL_CONVERSION = YES;
				CLANG_WARN_OBJC_ROOT_CLASS = YES_ERROR;
				CLANG_WARN_QUOTED_INCLUDE_IN_FRAMEWORK_HEADER = YES;
				CLANG_WARN_RANGE_LOOP_ANALYSIS = YES;
				CLANG_WARN_STRICT_PROTOTYPES = YES;
				CLANG_WARN_SUSPICIOUS_MOVE = YES;
				CLANG_WARN_UNGUARDED_AVAILABILITY = YES_AGGRESSIVE;
				CLANG_WARN_UNREACHABLE_CODE = YES;
				CLANG_WARN__DUPLICATE_METHOD_MATCH = YES;
				COPY_PHASE_STRIP = NO;
				DEBUG_INFORMATION_FORMAT = "dwarf-with-dsym";
				ENABLE_NS_ASSERTIONS = NO;
				ENABLE_STRICT_OBJC_MSGSEND = YES;
				GCC_C_LANGUAGE_STANDARD = gnu11;
				GCC_NO_COMMON_BLOCKS = YES;
				GCC_WARN_64_TO_32_BIT_CONVERSION = YES;
				GCC_WARN_ABOUT_RETURN_TYPE = YES_ERROR;
				GCC_WARN_UNDECLARED_SELECTOR = YES;
				GCC_WARN_UNINITIALIZED_AUTOS = YES_AGGRESSIVE;
				GCC_WARN_UNUSED_FUNCTION = YES;
				GCC_WARN_UNUSED_VARIABLE = YES;
				IPHONEOS_DEPLOYMENT_TARGET = 15.2;
				MTL_ENABLE_DEBUG_INFO = NO;
				MTL_FAST_MATH = YES;
				SDKROOT = iphoneos;
				SWIFT_COMPILATION_MODE = wholemodule;
				SWIFT_OPTIMIZATION_LEVEL = "-O";
				VALIDATE_PRODUCT = YES;
			};
			name = Release;
		};
		09C0E4C427F8F0260027C242 /* Debug */ = {
			isa = XCBuildConfiguration;
			buildSettings = {
				ASSETCATALOG_COMPILER_APPICON_NAME = AppIcon;
				ASSETCATALOG_COMPILER_GLOBAL_ACCENT_COLOR_NAME = AccentColor;
				CODE_SIGN_STYLE = Automatic;
				CURRENT_PROJECT_VERSION = 1;
				DEVELOPMENT_TEAM = 8B4QBLLSCD;
				GENERATE_INFOPLIST_FILE = YES;
				INFOPLIST_KEY_UIApplicationSupportsIndirectInputEvents = YES;
				INFOPLIST_KEY_UILaunchStoryboardName = LaunchScreen;
				INFOPLIST_KEY_UIMainStoryboardFile = Main;
				INFOPLIST_KEY_UIStatusBarHidden = YES;
				INFOPLIST_KEY_UISupportedInterfaceOrientations = "UIInterfaceOrientationLandscapeLeft UIInterfaceOrientationLandscapeRight";
				INFOPLIST_KEY_UISupportedInterfaceOrientations_iPad = "UIInterfaceOrientationLandscapeLeft UIInterfaceOrientationLandscapeRight";
				INFOPLIST_KEY_UISupportedInterfaceOrientations_iPhone = "UIInterfaceOrientationPortrait UIInterfaceOrientationLandscapeLeft UIInterfaceOrientationLandscapeRight";
				LD_RUNPATH_SEARCH_PATHS = (
					"$(inherited)",
					"@executable_path/Frameworks",
				);
				MARKETING_VERSION = 1.0;
				PRODUCT_BUNDLE_IDENTIFIER = CMSC428.Mazeman;
				PRODUCT_NAME = "$(TARGET_NAME)";
				SWIFT_EMIT_LOC_STRINGS = YES;
				SWIFT_VERSION = 5.0;
				TARGETED_DEVICE_FAMILY = 2;
			};
			name = Debug;
		};
		09C0E4C527F8F0260027C242 /* Release */ = {
			isa = XCBuildConfiguration;
			buildSettings = {
				ASSETCATALOG_COMPILER_APPICON_NAME = AppIcon;
				ASSETCATALOG_COMPILER_GLOBAL_ACCENT_COLOR_NAME = AccentColor;
				CODE_SIGN_STYLE = Automatic;
				CURRENT_PROJECT_VERSION = 1;
				DEVELOPMENT_TEAM = 8B4QBLLSCD;
				GENERATE_INFOPLIST_FILE = YES;
				INFOPLIST_KEY_UIApplicationSupportsIndirectInputEvents = YES;
				INFOPLIST_KEY_UILaunchStoryboardName = LaunchScreen;
				INFOPLIST_KEY_UIMainStoryboardFile = Main;
				INFOPLIST_KEY_UIStatusBarHidden = YES;
				INFOPLIST_KEY_UISupportedInterfaceOrientations = "UIInterfaceOrientationLandscapeLeft UIInterfaceOrientationLandscapeRight";
				INFOPLIST_KEY_UISupportedInterfaceOrientations_iPad = "UIInterfaceOrientationLandscapeLeft UIInterfaceOrientationLandscapeRight";
				INFOPLIST_KEY_UISupportedInterfaceOrientations_iPhone = "UIInterfaceOrientationPortrait UIInterfaceOrientationLandscapeLeft UIInterfaceOrientationLandscapeRight";
				LD_RUNPATH_SEARCH_PATHS = (
					"$(inherited)",
					"@executable_path/Frameworks",
				);
				MARKETING_VERSION = 1.0;
				PRODUCT_BUNDLE_IDENTIFIER = CMSC428.Mazeman;
				PRODUCT_NAME = "$(TARGET_NAME)";
				SWIFT_EMIT_LOC_STRINGS = YES;
				SWIFT_VERSION = 5.0;
				TARGETED_DEVICE_FAMILY = 2;
			};
			name = Release;
		};
/* End XCBuildConfiguration section */

/* Begin XCConfigurationList section */
		09C0E4A727F8F0240027C242 /* Build configuration list for PBXProject "Mazeman" */ = {
			isa = XCConfigurationList;
			buildConfigurations = (
				09C0E4C127F8F0260027C242 /* Debug */,
				09C0E4C227F8F0260027C242 /* Release */,
			);
			defaultConfigurationIsVisible = 0;
			defaultConfigurationName = Release;
		};
		09C0E4C327F8F0260027C242 /* Build configuration list for PBXNativeTarget "Mazeman" */ = {
			isa = XCConfigurationList;
			buildConfigurations = (
				09C0E4C427F8F0260027C242 /* Debug */,
				09C0E4C527F8F0260027C242 /* Release */,
			);
			defaultConfigurationIsVisible = 0;
			defaultConfigurationName = Release;
		};
/* End XCConfigurationList section */
	};
	rootObject = 09C0E4A427F8F0240027C242 /* Project object */;
}
